
Microsoft Visual Studio Solution File, Format Version 12.00
# Visual Studio Version 17
VisualStudioVersion = 17.7.34009.444
MinimumVisualStudioVersion = 10.0.40219.1
Project("{FAE04EC0-301F-11D3-BF4B-00C04F79EFBC}") = "IntuitChallenge", "IntuitChallenge\IntuitChallenge.csproj", "{CFBF7068-4DF4-4FB6-8B1B-24D0F77396BE}"
EndProject
Global
	GlobalSection(SolutionConfigurationPlatforms) = preSolution
		Debug|Any CPU = Debug|Any CPU
		Release|Any CPU = Release|Any CPU
	EndGlobalSection
	GlobalSection(ProjectConfigurationPlatforms) = postSolution
		{CFBF7068-4DF4-4FB6-8B1B-24D0F77396BE}.Debug|Any CPU.ActiveCfg = Debug|Any CPU
		{CFBF7068-4DF4-4FB6-8B1B-24D0F77396BE}.Debug|Any CPU.Build.0 = Debug|Any CPU
		{CFBF7068-4DF4-4FB6-8B1B-24D0F77396BE}.Release|Any CPU.ActiveCfg = Release|Any CPU
		{CFBF7068-4DF4-4FB6-8B1B-24D0F77396BE}.Release|Any CPU.Build.0 = Release|Any CPU
	EndGlobalSection
	GlobalSection(SolutionProperties) = preSolution
		HideSolutionNode = FALSE
	EndGlobalSection
	GlobalSection(ExtensibilityGlobals) = postSolution
		SolutionGuid = {73827F93-2A7A-4875-BDE8-6CFD5FFFD4E9}
	EndGlobalSection
EndGlobal
